// !$*UTF8*$!
{
	archiveVersion = 1;
	classes = {
	};
	objectVersion = 46;
	objects = {

/* Begin PBXBuildFile section */
		1776E90A1BD5CA060091B56C /* AppDelegate.swift in Sources */ = {isa = PBXBuildFile; fileRef = 1776E9091BD5CA060091B56C /* AppDelegate.swift */; };
		1776E90C1BD5CA060091B56C /* EventViewController.swift in Sources */ = {isa = PBXBuildFile; fileRef = 1776E90B1BD5CA060091B56C /* EventViewController.swift */; };
		1776E90F1BD5CA060091B56C /* Main.storyboard in Resources */ = {isa = PBXBuildFile; fileRef = 1776E90D1BD5CA060091B56C /* Main.storyboard */; };
		1776E9111BD5CA060091B56C /* Assets.xcassets in Resources */ = {isa = PBXBuildFile; fileRef = 1776E9101BD5CA060091B56C /* Assets.xcassets */; };
		1776E9141BD5CA060091B56C /* LaunchScreen.storyboard in Resources */ = {isa = PBXBuildFile; fileRef = 1776E9121BD5CA060091B56C /* LaunchScreen.storyboard */; };
		17826A261BE987F800013D89 /* MapViewController.swift in Sources */ = {isa = PBXBuildFile; fileRef = 17826A251BE987F800013D89 /* MapViewController.swift */; };
		17826A321BE9981700013D89 /* EventMapController.swift in Sources */ = {isa = PBXBuildFile; fileRef = 17826A311BE9981700013D89 /* EventMapController.swift */; };
		FF4E72CD1BE7A57400C226F8 /* CoreData.framework in Frameworks */ = {isa = PBXBuildFile; fileRef = FF4E72CC1BE7A57400C226F8 /* CoreData.framework */; };
		FF4E72D01BE7A5B000C226F8 /* EventsDataModel.xcdatamodeld in Sources */ = {isa = PBXBuildFile; fileRef = FF4E72CE1BE7A5B000C226F8 /* EventsDataModel.xcdatamodeld */; };
		FF4E72D21BE7E3A000C226F8 /* DataController.swift in Sources */ = {isa = PBXBuildFile; fileRef = FF4E72D11BE7E3A000C226F8 /* DataController.swift */; };
		FF4E72D91BE7FE4200C226F8 /* Event+CoreDataProperties.swift in Sources */ = {isa = PBXBuildFile; fileRef = FF4E72D71BE7FE4200C226F8 /* Event+CoreDataProperties.swift */; };
		FF4E72DA1BE7FE4200C226F8 /* Event.swift in Sources */ = {isa = PBXBuildFile; fileRef = FF4E72D81BE7FE4200C226F8 /* Event.swift */; };
		FF8A1CE11BE18524008830C7 /* EventTableViewCell.swift in Sources */ = {isa = PBXBuildFile; fileRef = FF8A1CE01BE18524008830C7 /* EventTableViewCell.swift */; };
		FF8A1CE31BE18B40008830C7 /* EventTableViewController.swift in Sources */ = {isa = PBXBuildFile; fileRef = FF8A1CE21BE18B40008830C7 /* EventTableViewController.swift */; };
/* End PBXBuildFile section */

/* Begin PBXFileReference section */
		1776E9061BD5CA060091B56C /* Events.app */ = {isa = PBXFileReference; explicitFileType = wrapper.application; includeInIndex = 0; path = Events.app; sourceTree = BUILT_PRODUCTS_DIR; };
		1776E9091BD5CA060091B56C /* AppDelegate.swift */ = {isa = PBXFileReference; lastKnownFileType = sourcecode.swift; path = AppDelegate.swift; sourceTree = "<group>"; };
		1776E90B1BD5CA060091B56C /* EventViewController.swift */ = {isa = PBXFileReference; lastKnownFileType = sourcecode.swift; path = EventViewController.swift; sourceTree = "<group>"; };
		1776E90E1BD5CA060091B56C /* Base */ = {isa = PBXFileReference; lastKnownFileType = file.storyboard; name = Base; path = Base.lproj/Main.storyboard; sourceTree = "<group>"; };
		1776E9101BD5CA060091B56C /* Assets.xcassets */ = {isa = PBXFileReference; lastKnownFileType = folder.assetcatalog; path = Assets.xcassets; sourceTree = "<group>"; };
		1776E9131BD5CA060091B56C /* Base */ = {isa = PBXFileReference; lastKnownFileType = file.storyboard; name = Base; path = Base.lproj/LaunchScreen.storyboard; sourceTree = "<group>"; };
		1776E9151BD5CA060091B56C /* Info.plist */ = {isa = PBXFileReference; lastKnownFileType = text.plist.xml; path = Info.plist; sourceTree = "<group>"; };
		17826A251BE987F800013D89 /* MapViewController.swift */ = {isa = PBXFileReference; fileEncoding = 4; lastKnownFileType = sourcecode.swift; path = MapViewController.swift; sourceTree = "<group>"; };
		17826A311BE9981700013D89 /* EventMapController.swift */ = {isa = PBXFileReference; fileEncoding = 4; lastKnownFileType = sourcecode.swift; path = EventMapController.swift; sourceTree = "<group>"; };
		FF4E72CC1BE7A57400C226F8 /* CoreData.framework */ = {isa = PBXFileReference; lastKnownFileType = wrapper.framework; name = CoreData.framework; path = System/Library/Frameworks/CoreData.framework; sourceTree = SDKROOT; };
		FF4E72CF1BE7A5B000C226F8 /* EventsDataModel.xcdatamodel */ = {isa = PBXFileReference; lastKnownFileType = wrapper.xcdatamodel; path = EventsDataModel.xcdatamodel; sourceTree = "<group>"; };
		FF4E72D11BE7E3A000C226F8 /* DataController.swift */ = {isa = PBXFileReference; fileEncoding = 4; lastKnownFileType = sourcecode.swift; path = DataController.swift; sourceTree = SOURCE_ROOT; };
		FF4E72D71BE7FE4200C226F8 /* Event+CoreDataProperties.swift */ = {isa = PBXFileReference; fileEncoding = 4; lastKnownFileType = sourcecode.swift; path = "Event+CoreDataProperties.swift"; sourceTree = "<group>"; };
		FF4E72D81BE7FE4200C226F8 /* Event.swift */ = {isa = PBXFileReference; fileEncoding = 4; lastKnownFileType = sourcecode.swift; path = Event.swift; sourceTree = "<group>"; };
		FF8A1CE01BE18524008830C7 /* EventTableViewCell.swift */ = {isa = PBXFileReference; fileEncoding = 4; lastKnownFileType = sourcecode.swift; path = EventTableViewCell.swift; sourceTree = SOURCE_ROOT; };
		FF8A1CE21BE18B40008830C7 /* EventTableViewController.swift */ = {isa = PBXFileReference; fileEncoding = 4; lastKnownFileType = sourcecode.swift; path = EventTableViewController.swift; sourceTree = SOURCE_ROOT; };
/* End PBXFileReference section */

/* Begin PBXFrameworksBuildPhase section */
		1776E9031BD5CA050091B56C /* Frameworks */ = {
			isa = PBXFrameworksBuildPhase;
			buildActionMask = 2147483647;
			files = (
				FF4E72CD1BE7A57400C226F8 /* CoreData.framework in Frameworks */,
			);
			runOnlyForDeploymentPostprocessing = 0;
		};
/* End PBXFrameworksBuildPhase section */

/* Begin PBXGroup section */
		1776E8FD1BD5CA050091B56C = {
			isa = PBXGroup;
			children = (
				FF4E72D71BE7FE4200C226F8 /* Event+CoreDataProperties.swift */,
				FF4E72D81BE7FE4200C226F8 /* Event.swift */,
				FF4E72CC1BE7A57400C226F8 /* CoreData.framework */,
				1776E9081BD5CA060091B56C /* Events */,
				1776E9071BD5CA060091B56C /* Products */,
			);
			sourceTree = "<group>";
		};
		1776E9071BD5CA060091B56C /* Products */ = {
			isa = PBXGroup;
			children = (
				1776E9061BD5CA060091B56C /* Events.app */,
			);
			name = Products;
			sourceTree = "<group>";
		};
		1776E9081BD5CA060091B56C /* Events */ = {
			isa = PBXGroup;
			children = (
				FF4E72CE1BE7A5B000C226F8 /* EventsDataModel.xcdatamodeld */,
				1776E9091BD5CA060091B56C /* AppDelegate.swift */,
				1776E90B1BD5CA060091B56C /* EventViewController.swift */,
				1776E90D1BD5CA060091B56C /* Main.storyboard */,
				FF8A1CE21BE18B40008830C7 /* EventTableViewController.swift */,
				1776E9101BD5CA060091B56C /* Assets.xcassets */,
				1776E9121BD5CA060091B56C /* LaunchScreen.storyboard */,
				1776E9151BD5CA060091B56C /* Info.plist */,
				FF8A1CE01BE18524008830C7 /* EventTableViewCell.swift */,
				FF4E72D11BE7E3A000C226F8 /* DataController.swift */,
				17826A251BE987F800013D89 /* MapViewController.swift */,
				17826A311BE9981700013D89 /* EventMapController.swift */,
			);
			name = Events;
			path = Try;
			sourceTree = "<group>";
		};
/* End PBXGroup section */

/* Begin PBXNativeTarget section */
		1776E9051BD5CA050091B56C /* Events */ = {
			isa = PBXNativeTarget;
			buildConfigurationList = 1776E9181BD5CA060091B56C /* Build configuration list for PBXNativeTarget "Events" */;
			buildPhases = (
				1776E9021BD5CA050091B56C /* Sources */,
				1776E9031BD5CA050091B56C /* Frameworks */,
				1776E9041BD5CA050091B56C /* Resources */,
			);
			buildRules = (
			);
			dependencies = (
			);
			name = Events;
			productName = Try;
			productReference = 1776E9061BD5CA060091B56C /* Events.app */;
			productType = "com.apple.product-type.application";
		};
/* End PBXNativeTarget section */

/* Begin PBXProject section */
		1776E8FE1BD5CA050091B56C /* Project object */ = {
			isa = PBXProject;
			attributes = {
				LastUpgradeCheck = 0700;
				ORGANIZATIONNAME = "Brooke Kanarek";
				TargetAttributes = {
					1776E9051BD5CA050091B56C = {
						CreatedOnToolsVersion = 7.0;
						DevelopmentTeam = Q5L3WQ2Y9A;
					};
				};
			};
			buildConfigurationList = 1776E9011BD5CA050091B56C /* Build configuration list for PBXProject "Events" */;
			compatibilityVersion = "Xcode 3.2";
			developmentRegion = English;
			hasScannedForEncodings = 0;
			knownRegions = (
				en,
				Base,
			);
			mainGroup = 1776E8FD1BD5CA050091B56C;
			productRefGroup = 1776E9071BD5CA060091B56C /* Products */;
			projectDirPath = "";
			projectRoot = "";
			targets = (
				1776E9051BD5CA050091B56C /* Events */,
			);
		};
/* End PBXProject section */

/* Begin PBXResourcesBuildPhase section */
		1776E9041BD5CA050091B56C /* Resources */ = {
			isa = PBXResourcesBuildPhase;
			buildActionMask = 2147483647;
			files = (
				1776E9141BD5CA060091B56C /* LaunchScreen.storyboard in Resources */,
				1776E9111BD5CA060091B56C /* Assets.xcassets in Resources */,
				1776E90F1BD5CA060091B56C /* Main.storyboard in Resources */,
			);
			runOnlyForDeploymentPostprocessing = 0;
		};
/* End PBXResourcesBuildPhase section */

/* Begin PBXSourcesBuildPhase section */
		1776E9021BD5CA050091B56C /* Sources */ = {
			isa = PBXSourcesBuildPhase;
			buildActionMask = 2147483647;
			files = (
				FF4E72DA1BE7FE4200C226F8 /* Event.swift in Sources */,
				FF4E72D21BE7E3A000C226F8 /* DataController.swift in Sources */,
				FF4E72D01BE7A5B000C226F8 /* EventsDataModel.xcdatamodeld in Sources */,
				FF8A1CE11BE18524008830C7 /* EventTableViewCell.swift in Sources */,
				17826A261BE987F800013D89 /* MapViewController.swift in Sources */,
				FF4E72D91BE7FE4200C226F8 /* Event+CoreDataProperties.swift in Sources */,
				1776E90C1BD5CA060091B56C /* EventViewController.swift in Sources */,
				17826A321BE9981700013D89 /* EventMapController.swift in Sources */,
				1776E90A1BD5CA060091B56C /* AppDelegate.swift in Sources */,
				FF8A1CE31BE18B40008830C7 /* EventTableViewController.swift in Sources */,
			);
			runOnlyForDeploymentPostprocessing = 0;
		};
/* End PBXSourcesBuildPhase section */

/* Begin PBXVariantGroup section */
		1776E90D1BD5CA060091B56C /* Main.storyboard */ = {
			isa = PBXVariantGroup;
			children = (
				1776E90E1BD5CA060091B56C /* Base */,
			);
			name = Main.storyboard;
			sourceTree = "<group>";
		};
		1776E9121BD5CA060091B56C /* LaunchScreen.storyboard */ = {
			isa = PBXVariantGroup;
			children = (
				1776E9131BD5CA060091B56C /* Base */,
			);
			name = LaunchScreen.storyboard;
			sourceTree = "<group>";
		};
/* End PBXVariantGroup section */

/* Begin XCBuildConfiguration section */
		1776E9161BD5CA060091B56C /* Debug */ = {
			isa = XCBuildConfiguration;
			buildSettings = {
				ALWAYS_SEARCH_USER_PATHS = NO;
				CLANG_CXX_LANGUAGE_STANDARD = "gnu++0x";
				CLANG_CXX_LIBRARY = "libc++";
				CLANG_ENABLE_MODULES = YES;
				CLANG_ENABLE_OBJC_ARC = YES;
				CLANG_WARN_BOOL_CONVERSION = YES;
				CLANG_WARN_CONSTANT_CONVERSION = YES;
				CLANG_WARN_DIRECT_OBJC_ISA_USAGE = YES_ERROR;
				CLANG_WARN_EMPTY_BODY = YES;
				CLANG_WARN_ENUM_CONVERSION = YES;
				CLANG_WARN_INT_CONVERSION = YES;
				CLANG_WARN_OBJC_ROOT_CLASS = YES_ERROR;
				CLANG_WARN_UNREACHABLE_CODE = YES;
				CLANG_WARN__DUPLICATE_METHOD_MATCH = YES;
				"CODE_SIGN_IDENTITY[sdk=iphoneos*]" = "iPhone Developer";
				COPY_PHASE_STRIP = NO;
				DEBUG_INFORMATION_FORMAT = dwarf;
				ENABLE_STRICT_OBJC_MSGSEND = YES;
				ENABLE_TESTABILITY = YES;
				GCC_C_LANGUAGE_STANDARD = gnu99;
				GCC_DYNAMIC_NO_PIC = NO;
				GCC_NO_COMMON_BLOCKS = YES;
				GCC_OPTIMIZATION_LEVEL = 0;
				GCC_PREPROCESSOR_DEFINITIONS = (
					"DEBUG=1",
					"$(inherited)",
				);
				GCC_WARN_64_TO_32_BIT_CONVERSION = YES;
				GCC_WARN_ABOUT_RETURN_TYPE = YES_ERROR;
				GCC_WARN_UNDECLARED_SELECTOR = YES;
				GCC_WARN_UNINITIALIZED_AUTOS = YES_AGGRESSIVE;
				GCC_WARN_UNUSED_FUNCTION = YES;
				GCC_WARN_UNUSED_VARIABLE = YES;
				IPHONEOS_DEPLOYMENT_TARGET = 9.0;
				MTL_ENABLE_DEBUG_INFO = YES;
				ONLY_ACTIVE_ARCH = YES;
				SDKROOT = iphoneos;
				SWIFT_OPTIMIZATION_LEVEL = "-Onone";
				TARGETED_DEVICE_FAMILY = "1,2";
			};
			name = Debug;
		};
		1776E9171BD5CA060091B56C /* Release */ = {
			isa = XCBuildConfiguration;
			buildSettings = {
				ALWAYS_SEARCH_USER_PATHS = NO;
				CLANG_CXX_LANGUAGE_STANDARD = "gnu++0x";
				CLANG_CXX_LIBRARY = "libc++";
				CLANG_ENABLE_MODULES = YES;
				CLANG_ENABLE_OBJC_ARC = YES;
				CLANG_WARN_BOOL_CONVERSION = YES;
				CLANG_WARN_CONSTANT_CONVERSION = YES;
				CLANG_WARN_DIRECT_OBJC_ISA_USAGE = YES_ERROR;
				CLANG_WARN_EMPTY_BODY = YES;
				CLANG_WARN_ENUM_CONVERSION = YES;
				CLANG_WARN_INT_CONVERSION = YES;
				CLANG_WARN_OBJC_ROOT_CLASS = YES_ERROR;
				CLANG_WARN_UNREACHABLE_CODE = YES;
				CLANG_WARN__DUPLICATE_METHOD_MATCH = YES;
				"CODE_SIGN_IDENTITY[sdk=iphoneos*]" = "iPhone Developer";
				COPY_PHASE_STRIP = NO;
				DEBUG_INFORMATION_FORMAT = "dwarf-with-dsym";
				ENABLE_NS_ASSERTIONS = NO;
				ENABLE_STRICT_OBJC_MSGSEND = YES;
				GCC_C_LANGUAGE_STANDARD = gnu99;
				GCC_NO_COMMON_BLOCKS = YES;
				GCC_WARN_64_TO_32_BIT_CONVERSION = YES;
				GCC_WARN_ABOUT_RETURN_TYPE = YES_ERROR;
				GCC_WARN_UNDECLARED_SELECTOR = YES;
				GCC_WARN_UNINITIALIZED_AUTOS = YES_AGGRESSIVE;
				GCC_WARN_UNUSED_FUNCTION = YES;
				GCC_WARN_UNUSED_VARIABLE = YES;
				IPHONEOS_DEPLOYMENT_TARGET = 9.0;
				MTL_ENABLE_DEBUG_INFO = NO;
				SDKROOT = iphoneos;
				TARGETED_DEVICE_FAMILY = "1,2";
				VALIDATE_PRODUCT = YES;
			};
			name = Release;
		};
		1776E9191BD5CA060091B56C /* Debug */ = {
			isa = XCBuildConfiguration;
			buildSettings = {
				CODE_SIGN_IDENTITY = "iPhone Developer";
				"CODE_SIGN_IDENTITY[sdk=iphoneos*]" = "iPhone Developer";
				INFOPLIST_FILE = Try/Info.plist;
				IPHONEOS_DEPLOYMENT_TARGET = 8.3;
				LD_RUNPATH_SEARCH_PATHS = "$(inherited) @executable_path/Frameworks";
				PRODUCT_BUNDLE_IDENTIFIER = edu.cs.virgina.Events2;
				PRODUCT_NAME = Events;
				PROVISIONING_PROFILE = "";
			};
			name = Debug;
		};
		1776E91A1BD5CA060091B56C /* Release */ = {
			isa = XCBuildConfiguration;
			buildSettings = {
				CODE_SIGN_IDENTITY = "iPhone Developer";
				"CODE_SIGN_IDENTITY[sdk=iphoneos*]" = "iPhone Developer";
				INFOPLIST_FILE = Try/Info.plist;
				IPHONEOS_DEPLOYMENT_TARGET = 8.3;
				LD_RUNPATH_SEARCH_PATHS = "$(inherited) @executable_path/Frameworks";
				PRODUCT_BUNDLE_IDENTIFIER = edu.cs.virgina.Events2;
				PRODUCT_NAME = Events;
				PROVISIONING_PROFILE = "";
			};
			name = Release;
		};
/* End XCBuildConfiguration section */

/* Begin XCConfigurationList section */
		1776E9011BD5CA050091B56C /* Build configuration list for PBXProject "Events" */ = {
			isa = XCConfigurationList;
			buildConfigurations = (
				1776E9161BD5CA060091B56C /* Debug */,
				1776E9171BD5CA060091B56C /* Release */,
			);
			defaultConfigurationIsVisible = 0;
			defaultConfigurationName = Release;
		};
		1776E9181BD5CA060091B56C /* Build configuration list for PBXNativeTarget "Events" */ = {
			isa = XCConfigurationList;
			buildConfigurations = (
				1776E9191BD5CA060091B56C /* Debug */,
				1776E91A1BD5CA060091B56C /* Release */,
			);
			defaultConfigurationIsVisible = 0;
			defaultConfigurationName = Release;
		};
/* End XCConfigurationList section */

/* Begin XCVersionGroup section */
		FF4E72CE1BE7A5B000C226F8 /* EventsDataModel.xcdatamodeld */ = {
			isa = XCVersionGroup;
			children = (
				FF4E72CF1BE7A5B000C226F8 /* EventsDataModel.xcdatamodel */,
			);
			currentVersion = FF4E72CF1BE7A5B000C226F8 /* EventsDataModel.xcdatamodel */;
			name = EventsDataModel.xcdatamodeld;
			path = ../EventsDataModel.xcdatamodeld;
			sourceTree = "<group>";
			versionGroupType = wrapper.xcdatamodel;
		};
/* End XCVersionGroup section */
	};
	rootObject = 1776E8FE1BD5CA050091B56C /* Project object */;
}
